
Microsoft Visual Studio Solution File, Format Version 12.00
# Visual Studio Version 16
VisualStudioVersion = 16.0.30907.101
MinimumVisualStudioVersion = 10.0.40219.1
Project("{FAE04EC0-301F-11D3-BF4B-00C04F79EFBC}") = "AngularJsExam", "AngularJsExam\AngularJsExam.csproj", "{8484114D-140D-47AE-BBAC-8C80133C0523}"
EndProject
Global
	GlobalSection(SolutionConfigurationPlatforms) = preSolution
		Debug|Any CPU = Debug|Any CPU
		Release|Any CPU = Release|Any CPU
	EndGlobalSection
	GlobalSection(ProjectConfigurationPlatforms) = postSolution
		{8484114D-140D-47AE-BBAC-8C80133C0523}.Debug|Any CPU.ActiveCfg = Debug|Any CPU
		{8484114D-140D-47AE-BBAC-8C80133C0523}.Debug|Any CPU.Build.0 = Debug|Any CPU
		{8484114D-140D-47AE-BBAC-8C80133C0523}.Release|Any CPU.ActiveCfg = Release|Any CPU
		{8484114D-140D-47AE-BBAC-8C80133C0523}.Release|Any CPU.Build.0 = Release|Any CPU
	EndGlobalSection
	GlobalSection(SolutionProperties) = preSolution
		HideSolutionNode = FALSE
	EndGlobalSection
	GlobalSection(ExtensibilityGlobals) = postSolution
		SolutionGuid = {36123ABA-5C35-4E03-BB35-D85CBBAEE7B1}
	EndGlobalSection
EndGlobal
